// !$*UTF8*$!
{
	archiveVersion = 1;
	classes = {
	};
	objectVersion = 50;
	objects = {

/* Begin PBXBuildFile section */
		2F955333BC071D118BD29AAD /* Pods_ByoRatingView.framework in Frameworks */ = {isa = PBXBuildFile; fileRef = 0472F60778105B8179C82F82 /* Pods_ByoRatingView.framework */; };
		3A29BB4223EAA66D006CD1A7 /* ByoRatingView.h in Headers */ = {isa = PBXBuildFile; fileRef = 3A29BB4023EAA66D006CD1A7 /* ByoRatingView.h */; settings = {ATTRIBUTES = (Public, ); }; };
		3A29BB4A23EAACDF006CD1A7 /* ByoRatingView.swift in Sources */ = {isa = PBXBuildFile; fileRef = 3A29BB4923EAACDF006CD1A7 /* ByoRatingView.swift */; };
		3A29BB4C23EAAD0A006CD1A7 /* ByoRatingViewModel.swift in Sources */ = {isa = PBXBuildFile; fileRef = 3A29BB4B23EAAD0A006CD1A7 /* ByoRatingViewModel.swift */; };
/* End PBXBuildFile section */

/* Begin PBXFileReference section */
		0472F60778105B8179C82F82 /* Pods_ByoRatingView.framework */ = {isa = PBXFileReference; explicitFileType = wrapper.framework; includeInIndex = 0; path = Pods_ByoRatingView.framework; sourceTree = BUILT_PRODUCTS_DIR; };
		160749A1E2B007BEF34D3567 /* Pods-ByoRatingView.debug.xcconfig */ = {isa = PBXFileReference; includeInIndex = 1; lastKnownFileType = text.xcconfig; name = "Pods-ByoRatingView.debug.xcconfig"; path = "Target Support Files/Pods-ByoRatingView/Pods-ByoRatingView.debug.xcconfig"; sourceTree = "<group>"; };
		3A29BB3D23EAA66D006CD1A7 /* ByoRatingView.framework */ = {isa = PBXFileReference; explicitFileType = wrapper.framework; includeInIndex = 0; path = ByoRatingView.framework; sourceTree = BUILT_PRODUCTS_DIR; };
		3A29BB4023EAA66D006CD1A7 /* ByoRatingView.h */ = {isa = PBXFileReference; lastKnownFileType = sourcecode.c.h; path = ByoRatingView.h; sourceTree = "<group>"; };
		3A29BB4123EAA66D006CD1A7 /* Info.plist */ = {isa = PBXFileReference; lastKnownFileType = text.plist.xml; path = Info.plist; sourceTree = "<group>"; };
		3A29BB4923EAACDF006CD1A7 /* ByoRatingView.swift */ = {isa = PBXFileReference; lastKnownFileType = sourcecode.swift; path = ByoRatingView.swift; sourceTree = "<group>"; };
		3A29BB4B23EAAD0A006CD1A7 /* ByoRatingViewModel.swift */ = {isa = PBXFileReference; lastKnownFileType = sourcecode.swift; path = ByoRatingViewModel.swift; sourceTree = "<group>"; };
		B32B1386541DA066CA657B53 /* Pods-ByoRatingView.release.xcconfig */ = {isa = PBXFileReference; includeInIndex = 1; lastKnownFileType = text.xcconfig; name = "Pods-ByoRatingView.release.xcconfig"; path = "Target Support Files/Pods-ByoRatingView/Pods-ByoRatingView.release.xcconfig"; sourceTree = "<group>"; };
/* End PBXFileReference section */

/* Begin PBXFrameworksBuildPhase section */
		3A29BB3A23EAA66D006CD1A7 /* Frameworks */ = {
			isa = PBXFrameworksBuildPhase;
			buildActionMask = 2147483647;
			files = (
				2F955333BC071D118BD29AAD /* Pods_ByoRatingView.framework in Frameworks */,
			);
			runOnlyForDeploymentPostprocessing = 0;
		};
/* End PBXFrameworksBuildPhase section */

/* Begin PBXGroup section */
		014FFB0F54721A294E666620 /* Pods */ = {
			isa = PBXGroup;
			children = (
				160749A1E2B007BEF34D3567 /* Pods-ByoRatingView.debug.xcconfig */,
				B32B1386541DA066CA657B53 /* Pods-ByoRatingView.release.xcconfig */,
			);
			path = Pods;
			sourceTree = "<group>";
		};
		3A29BB3323EAA66D006CD1A7 = {
			isa = PBXGroup;
			children = (
				3A29BB3F23EAA66D006CD1A7 /* ByoRatingView */,
				3A29BB3E23EAA66D006CD1A7 /* Products */,
				014FFB0F54721A294E666620 /* Pods */,
				ADDA3C7E9F4DC9B2248441F0 /* Frameworks */,
			);
			sourceTree = "<group>";
		};
		3A29BB3E23EAA66D006CD1A7 /* Products */ = {
			isa = PBXGroup;
			children = (
				3A29BB3D23EAA66D006CD1A7 /* ByoRatingView.framework */,
			);
			name = Products;
			sourceTree = "<group>";
		};
		3A29BB3F23EAA66D006CD1A7 /* ByoRatingView */ = {
			isa = PBXGroup;
			children = (
				3A29BB4823EAA98A006CD1A7 /* Source */,
				3A29BB4023EAA66D006CD1A7 /* ByoRatingView.h */,
				3A29BB4123EAA66D006CD1A7 /* Info.plist */,
			);
			path = ByoRatingView;
			sourceTree = "<group>";
		};
		3A29BB4823EAA98A006CD1A7 /* Source */ = {
			isa = PBXGroup;
			children = (
				3A29BB4923EAACDF006CD1A7 /* ByoRatingView.swift */,
				3A29BB4B23EAAD0A006CD1A7 /* ByoRatingViewModel.swift */,
			);
			path = Source;
			sourceTree = "<group>";
		};
		ADDA3C7E9F4DC9B2248441F0 /* Frameworks */ = {
			isa = PBXGroup;
			children = (
				0472F60778105B8179C82F82 /* Pods_ByoRatingView.framework */,
			);
			name = Frameworks;
			sourceTree = "<group>";
		};
/* End PBXGroup section */

/* Begin PBXHeadersBuildPhase section */
		3A29BB3823EAA66D006CD1A7 /* Headers */ = {
			isa = PBXHeadersBuildPhase;
			buildActionMask = 2147483647;
			files = (
				3A29BB4223EAA66D006CD1A7 /* ByoRatingView.h in Headers */,
			);
			runOnlyForDeploymentPostprocessing = 0;
		};
/* End PBXHeadersBuildPhase section */

/* Begin PBXNativeTarget section */
		3A29BB3C23EAA66D006CD1A7 /* ByoRatingView */ = {
			isa = PBXNativeTarget;
			buildConfigurationList = 3A29BB4523EAA66D006CD1A7 /* Build configuration list for PBXNativeTarget "ByoRatingView" */;
			buildPhases = (
				F46664875ECEF83020799CFA /* [CP] Check Pods Manifest.lock */,
				3A29BB3823EAA66D006CD1A7 /* Headers */,
				3A29BB3923EAA66D006CD1A7 /* Sources */,
				3A29BB3A23EAA66D006CD1A7 /* Frameworks */,
				3A29BB3B23EAA66D006CD1A7 /* Resources */,
			);
			buildRules = (
			);
			dependencies = (
			);
			name = ByoRatingView;
			productName = ByoRatingView;
			productReference = 3A29BB3D23EAA66D006CD1A7 /* ByoRatingView.framework */;
			productType = "com.apple.product-type.framework";
		};
/* End PBXNativeTarget section */

/* Begin PBXProject section */
		3A29BB3423EAA66D006CD1A7 /* Project object */ = {
			isa = PBXProject;
			attributes = {
				LastUpgradeCheck = 1120;
				ORGANIZATIONNAME = byo;
				TargetAttributes = {
					3A29BB3C23EAA66D006CD1A7 = {
						CreatedOnToolsVersion = 11.2.1;
						LastSwiftMigration = 1120;
					};
				};
			};
			buildConfigurationList = 3A29BB3723EAA66D006CD1A7 /* Build configuration list for PBXProject "ByoRatingView" */;
			compatibilityVersion = "Xcode 9.3";
			developmentRegion = en;
			hasScannedForEncodings = 0;
			knownRegions = (
				en,
				Base,
			);
			mainGroup = 3A29BB3323EAA66D006CD1A7;
			productRefGroup = 3A29BB3E23EAA66D006CD1A7 /* Products */;
			projectDirPath = "";
			projectRoot = "";
			targets = (
				3A29BB3C23EAA66D006CD1A7 /* ByoRatingView */,
			);
		};
/* End PBXProject section */

/* Begin PBXResourcesBuildPhase section */
		3A29BB3B23EAA66D006CD1A7 /* Resources */ = {
			isa = PBXResourcesBuildPhase;
			buildActionMask = 2147483647;
			files = (
			);
			runOnlyForDeploymentPostprocessing = 0;
		};
/* End PBXResourcesBuildPhase section */

/* Begin PBXShellScriptBuildPhase section */
		F46664875ECEF83020799CFA /* [CP] Check Pods Manifest.lock */ = {
			isa = PBXShellScriptBuildPhase;
			buildActionMask = 2147483647;
			files = (
			);
			inputFileListPaths = (
			);
			inputPaths = (
				"${PODS_PODFILE_DIR_PATH}/Podfile.lock",
				"${PODS_ROOT}/Manifest.lock",
			);
			name = "[CP] Check Pods Manifest.lock";
			outputFileListPaths = (
			);
			outputPaths = (
				"$(DERIVED_FILE_DIR)/Pods-ByoRatingView-checkManifestLockResult.txt",
			);
			runOnlyForDeploymentPostprocessing = 0;
			shellPath = /bin/sh;
			shellScript = "diff \"${PODS_PODFILE_DIR_PATH}/Podfile.lock\" \"${PODS_ROOT}/Manifest.lock\" > /dev/null\nif [ $? != 0 ] ; then\n    # print error to STDERR\n    echo \"error: The sandbox is not in sync with the Podfile.lock. Run 'pod install' or update your CocoaPods installation.\" >&2\n    exit 1\nfi\n# This output is used by Xcode 'outputs' to avoid re-running this script phase.\necho \"SUCCESS\" > \"${SCRIPT_OUTPUT_FILE_0}\"\n";
			showEnvVarsInLog = 0;
		};
/* End PBXShellScriptBuildPhase section */

/* Begin PBXSourcesBuildPhase section */
		3A29BB3923EAA66D006CD1A7 /* Sources */ = {
			isa = PBXSourcesBuildPhase;
			buildActionMask = 2147483647;
			files = (
				3A29BB4C23EAAD0A006CD1A7 /* ByoRatingViewModel.swift in Sources */,
				3A29BB4A23EAACDF006CD1A7 /* ByoRatingView.swift in Sources */,
			);
			runOnlyForDeploymentPostprocessing = 0;
		};
/* End PBXSourcesBuildPhase section */

/* Begin XCBuildConfiguration section */
		3A29BB4323EAA66D006CD1A7 /* Debug */ = {
			isa = XCBuildConfiguration;
			buildSettings = {
				ALWAYS_SEARCH_USER_PATHS = NO;
				CLANG_ANALYZER_NONNULL = YES;
				CLANG_ANALYZER_NUMBER_OBJECT_CONVERSION = YES_AGGRESSIVE;
				CLANG_CXX_LANGUAGE_STANDARD = "gnu++14";
				CLANG_CXX_LIBRARY = "libc++";
				CLANG_ENABLE_MODULES = YES;
				CLANG_ENABLE_OBJC_ARC = YES;
				CLANG_ENABLE_OBJC_WEAK = YES;
				CLANG_WARN_BLOCK_CAPTURE_AUTORELEASING = YES;
				CLANG_WARN_BOOL_CONVERSION = YES;
				CLANG_WARN_COMMA = YES;
				CLANG_WARN_CONSTANT_CONVERSION = YES;
				CLANG_WARN_DEPRECATED_OBJC_IMPLEMENTATIONS = YES;
				CLANG_WARN_DIRECT_OBJC_ISA_USAGE = YES_ERROR;
				CLANG_WARN_DOCUMENTATION_COMMENTS = YES;
				CLANG_WARN_EMPTY_BODY = YES;
				CLANG_WARN_ENUM_CONVERSION = YES;
				CLANG_WARN_INFINITE_RECURSION = YES;
				CLANG_WARN_INT_CONVERSION = YES;
				CLANG_WARN_NON_LITERAL_NULL_CONVERSION = YES;
				CLANG_WARN_OBJC_IMPLICIT_RETAIN_SELF = YES;
				CLANG_WARN_OBJC_LITERAL_CONVERSION = YES;
				CLANG_WARN_OBJC_ROOT_CLASS = YES_ERROR;
				CLANG_WARN_RANGE_LOOP_ANALYSIS = YES;
				CLANG_WARN_STRICT_PROTOTYPES = YES;
				CLANG_WARN_SUSPICIOUS_MOVE = YES;
				CLANG_WARN_UNGUARDED_AVAILABILITY = YES_AGGRESSIVE;
				CLANG_WARN_UNREACHABLE_CODE = YES;
				CLANG_WARN__DUPLICATE_METHOD_MATCH = YES;
				COPY_PHASE_STRIP = NO;
				CURRENT_PROJECT_VERSION = 1;
				DEBUG_INFORMATION_FORMAT = dwarf;
				ENABLE_STRICT_OBJC_MSGSEND = YES;
				ENABLE_TESTABILITY = YES;
				GCC_C_LANGUAGE_STANDARD = gnu11;
				GCC_DYNAMIC_NO_PIC = NO;
				GCC_NO_COMMON_BLOCKS = YES;
				GCC_OPTIMIZATION_LEVEL = 0;
				GCC_PREPROCESSOR_DEFINITIONS = (
					"DEBUG=1",
					"$(inherited)",
				);
				GCC_WARN_64_TO_32_BIT_CONVERSION = YES;
				GCC_WARN_ABOUT_RETURN_TYPE = YES_ERROR;
				GCC_WARN_UNDECLARED_SELECTOR = YES;
				GCC_WARN_UNINITIALIZED_AUTOS = YES_AGGRESSIVE;
				GCC_WARN_UNUSED_FUNCTION = YES;
				GCC_WARN_UNUSED_VARIABLE = YES;
				IPHONEOS_DEPLOYMENT_TARGET = 13.2;
				MTL_ENABLE_DEBUG_INFO = INCLUDE_SOURCE;
				MTL_FAST_MATH = YES;
				ONLY_ACTIVE_ARCH = YES;
				SDKROOT = iphoneos;
				SWIFT_ACTIVE_COMPILATION_CONDITIONS = DEBUG;
				SWIFT_OPTIMIZATION_LEVEL = "-Onone";
				VERSIONING_SYSTEM = "apple-generic";
				VERSION_INFO_PREFIX = "";
			};
			name = Debug;
		};
		3A29BB4423EAA66D006CD1A7 /* Release */ = {
			isa = XCBuildConfiguration;
			buildSettings = {
				ALWAYS_SEARCH_USER_PATHS = NO;
				CLANG_ANALYZER_NONNULL = YES;
				CLANG_ANALYZER_NUMBER_OBJECT_CONVERSION = YES_AGGRESSIVE;
				CLANG_CXX_LANGUAGE_STANDARD = "gnu++14";
				CLANG_CXX_LIBRARY = "libc++";
				CLANG_ENABLE_MODULES = YES;
				CLANG_ENABLE_OBJC_ARC = YES;
				CLANG_ENABLE_OBJC_WEAK = YES;
				CLANG_WARN_BLOCK_CAPTURE_AUTORELEASING = YES;
				CLANG_WARN_BOOL_CONVERSION = YES;
				CLANG_WARN_COMMA = YES;
				CLANG_WARN_CONSTANT_CONVERSION = YES;
				CLANG_WARN_DEPRECATED_OBJC_IMPLEMENTATIONS = YES;
				CLANG_WARN_DIRECT_OBJC_ISA_USAGE = YES_ERROR;
				CLANG_WARN_DOCUMENTATION_COMMENTS = YES;
				CLANG_WARN_EMPTY_BODY = YES;
				CLANG_WARN_ENUM_CONVERSION = YES;
				CLANG_WARN_INFINITE_RECURSION = YES;
				CLANG_WARN_INT_CONVERSION = YES;
				CLANG_WARN_NON_LITERAL_NULL_CONVERSION = YES;
				CLANG_WARN_OBJC_IMPLICIT_RETAIN_SELF = YES;
				CLANG_WARN_OBJC_LITERAL_CONVERSION = YES;
				CLANG_WARN_OBJC_ROOT_CLASS = YES_ERROR;
				CLANG_WARN_RANGE_LOOP_ANALYSIS = YES;
				CLANG_WARN_STRICT_PROTOTYPES = YES;
				CLANG_WARN_SUSPICIOUS_MOVE = YES;
				CLANG_WARN_UNGUARDED_AVAILABILITY = YES_AGGRESSIVE;
				CLANG_WARN_UNREACHABLE_CODE = YES;
				CLANG_WARN__DUPLICATE_METHOD_MATCH = YES;
				COPY_PHASE_STRIP = NO;
				CURRENT_PROJECT_VERSION = 1;
				DEBUG_INFORMATION_FORMAT = "dwarf-with-dsym";
				ENABLE_NS_ASSERTIONS = NO;
				ENABLE_STRICT_OBJC_MSGSEND = YES;
				GCC_C_LANGUAGE_STANDARD = gnu11;
				GCC_NO_COMMON_BLOCKS = YES;
				GCC_WARN_64_TO_32_BIT_CONVERSION = YES;
				GCC_WARN_ABOUT_RETURN_TYPE = YES_ERROR;
				GCC_WARN_UNDECLARED_SELECTOR = YES;
				GCC_WARN_UNINITIALIZED_AUTOS = YES_AGGRESSIVE;
				GCC_WARN_UNUSED_FUNCTION = YES;
				GCC_WARN_UNUSED_VARIABLE = YES;
				IPHONEOS_DEPLOYMENT_TARGET = 13.2;
				MTL_ENABLE_DEBUG_INFO = NO;
				MTL_FAST_MATH = YES;
				SDKROOT = iphoneos;
				SWIFT_COMPILATION_MODE = wholemodule;
				SWIFT_OPTIMIZATION_LEVEL = "-O";
				VALIDATE_PRODUCT = YES;
				VERSIONING_SYSTEM = "apple-generic";
				VERSION_INFO_PREFIX = "";
			};
			name = Release;
		};
		3A29BB4623EAA66D006CD1A7 /* Debug */ = {
			isa = XCBuildConfiguration;
			baseConfigurationReference = 160749A1E2B007BEF34D3567 /* Pods-ByoRatingView.debug.xcconfig */;
			buildSettings = {
				CLANG_ENABLE_MODULES = YES;
				CODE_SIGN_STYLE = Automatic;
				DEFINES_MODULE = YES;
				DEVELOPMENT_TEAM = ZLQVH78B5Q;
				DYLIB_COMPATIBILITY_VERSION = 1;
				DYLIB_CURRENT_VERSION = 1;
				DYLIB_INSTALL_NAME_BASE = "@rpath";
				INFOPLIST_FILE = ByoRatingView/Info.plist;
				INSTALL_PATH = "$(LOCAL_LIBRARY_DIR)/Frameworks";
				IPHONEOS_DEPLOYMENT_TARGET = 9.0;
				LD_RUNPATH_SEARCH_PATHS = (
					"$(inherited)",
					"@executable_path/Frameworks",
					"@loader_path/Frameworks",
				);
				PRODUCT_BUNDLE_IDENTIFIER = byo.ByoRatingView;
				PRODUCT_NAME = "$(TARGET_NAME:c99extidentifier)";
				SKIP_INSTALL = YES;
				SWIFT_OPTIMIZATION_LEVEL = "-Onone";
				SWIFT_VERSION = 5.0;
				TARGETED_DEVICE_FAMILY = "1,2";
			};
			name = Debug;
		};
		3A29BB4723EAA66D006CD1A7 /* Release */ = {
			isa = XCBuildConfiguration;
			baseConfigurationReference = B32B1386541DA066CA657B53 /* Pods-ByoRatingView.release.xcconfig */;
			buildSettings = {
				CLANG_ENABLE_MODULES = YES;
				CODE_SIGN_STYLE = Automatic;
				DEFINES_MODULE = YES;
				DEVELOPMENT_TEAM = ZLQVH78B5Q;
				DYLIB_COMPATIBILITY_VERSION = 1;
				DYLIB_CURRENT_VERSION = 1;
				DYLIB_INSTALL_NAME_BASE = "@rpath";
				INFOPLIST_FILE = ByoRatingView/Info.plist;
				INSTALL_PATH = "$(LOCAL_LIBRARY_DIR)/Frameworks";
				IPHONEOS_DEPLOYMENT_TARGET = 9.0;
				LD_RUNPATH_SEARCH_PATHS = (
					"$(inherited)",
					"@executable_path/Frameworks",
					"@loader_path/Frameworks",
				);
				PRODUCT_BUNDLE_IDENTIFIER = byo.ByoRatingView;
				PRODUCT_NAME = "$(TARGET_NAME:c99extidentifier)";
				SKIP_INSTALL = YES;
				SWIFT_VERSION = 5.0;
				TARGETED_DEVICE_FAMILY = "1,2";
			};
			name = Release;
		};
/* End XCBuildConfiguration section */

/* Begin XCConfigurationList section */
		3A29BB3723EAA66D006CD1A7 /* Build configuration list for PBXProject "ByoRatingView" */ = {
			isa = XCConfigurationList;
			buildConfigurations = (
				3A29BB4323EAA66D006CD1A7 /* Debug */,
				3A29BB4423EAA66D006CD1A7 /* Release */,
			);
			defaultConfigurationIsVisible = 0;
			defaultConfigurationName = Release;
		};
		3A29BB4523EAA66D006CD1A7 /* Build configuration list for PBXNativeTarget "ByoRatingView" */ = {
			isa = XCConfigurationList;
			buildConfigurations = (
				3A29BB4623EAA66D006CD1A7 /* Debug */,
				3A29BB4723EAA66D006CD1A7 /* Release */,
			);
			defaultConfigurationIsVisible = 0;
			defaultConfigurationName = Release;
		};
/* End XCConfigurationList section */
	};
	rootObject = 3A29BB3423EAA66D006CD1A7 /* Project object */;
}
